
Microsoft Visual Studio Solution File, Format Version 12.00
# Visual Studio 15
VisualStudioVersion = 15.0.28307.757
MinimumVisualStudioVersion = 10.0.40219.1
Project("{FAE04EC0-301F-11D3-BF4B-00C04F79EFBC}") = "CSVGenerators", "CSVGenerators\CSVGenerators.csproj", "{C458F409-8F7F-48A7-8FF0-C40502BECE4C}"
EndProject
Global
	GlobalSection(SolutionConfigurationPlatforms) = preSolution
		Debug|Any CPU = Debug|Any CPU
		Release|Any CPU = Release|Any CPU
	EndGlobalSection
	GlobalSection(ProjectConfigurationPlatforms) = postSolution
		{C458F409-8F7F-48A7-8FF0-C40502BECE4C}.Debug|Any CPU.ActiveCfg = Debug|Any CPU
		{C458F409-8F7F-48A7-8FF0-C40502BECE4C}.Debug|Any CPU.Build.0 = Debug|Any CPU
		{C458F409-8F7F-48A7-8FF0-C40502BECE4C}.Release|Any CPU.ActiveCfg = Release|Any CPU
		{C458F409-8F7F-48A7-8FF0-C40502BECE4C}.Release|Any CPU.Build.0 = Release|Any CPU
	EndGlobalSection
	GlobalSection(SolutionProperties) = preSolution
		HideSolutionNode = FALSE
	EndGlobalSection
	GlobalSection(ExtensibilityGlobals) = postSolution
		SolutionGuid = {A2D6A9A3-53AB-414F-A767-65BB8CAD3149}
	EndGlobalSection
EndGlobal
